
Microsoft Visual Studio Solution File, Format Version 12.00
# Visual Studio Version 16
VisualStudioVersion = 16.0.31005.135
MinimumVisualStudioVersion = 10.0.40219.1
Project("{FAE04EC0-301F-11D3-BF4B-00C04F79EFBC}") = "Iterate 2D and Jagged Array", "Iterate 2D and Jagged Array\Iterate 2D and Jagged Array.csproj", "{6745B979-80A1-4614-BB73-EF892C5FD8CC}"
EndProject
Global
	GlobalSection(SolutionConfigurationPlatforms) = preSolution
		Debug|Any CPU = Debug|Any CPU
		Release|Any CPU = Release|Any CPU
	EndGlobalSection
	GlobalSection(ProjectConfigurationPlatforms) = postSolution
		{6745B979-80A1-4614-BB73-EF892C5FD8CC}.Debug|Any CPU.ActiveCfg = Debug|Any CPU
		{6745B979-80A1-4614-BB73-EF892C5FD8CC}.Debug|Any CPU.Build.0 = Debug|Any CPU
		{6745B979-80A1-4614-BB73-EF892C5FD8CC}.Release|Any CPU.ActiveCfg = Release|Any CPU
		{6745B979-80A1-4614-BB73-EF892C5FD8CC}.Release|Any CPU.Build.0 = Release|Any CPU
	EndGlobalSection
	GlobalSection(SolutionProperties) = preSolution
		HideSolutionNode = FALSE
	EndGlobalSection
	GlobalSection(ExtensibilityGlobals) = postSolution
		SolutionGuid = {1CD2AE3A-984A-477C-B4E6-83064FBDA6F5}
	EndGlobalSection
EndGlobal
